// !$*UTF8*$!
{
	archiveVersion = 1;
	classes = {
	};
	objectVersion = 50;
	objects = {

/* Begin PBXBuildFile section */
		086325AE22F320D600513E1B /* AccountViewController.swift in Sources */ = {isa = PBXBuildFile; fileRef = 086325AD22F320D600513E1B /* AccountViewController.swift */; };
		086325B022F326B600513E1B /* userDefaultKeysString.swift in Sources */ = {isa = PBXBuildFile; fileRef = 086325AF22F326B600513E1B /* userDefaultKeysString.swift */; };
		086325B622F3328800513E1B /* LoginViewController.swift in Sources */ = {isa = PBXBuildFile; fileRef = 086325B522F3328800513E1B /* LoginViewController.swift */; };
		086325B822F33A5100513E1B /* NavigationController.swift in Sources */ = {isa = PBXBuildFile; fileRef = 086325B722F33A5100513E1B /* NavigationController.swift */; };
		086325BA22F33E7300513E1B /* Assets.xcassets in Resources */ = {isa = PBXBuildFile; fileRef = 086325B922F33E7300513E1B /* Assets.xcassets */; };
		0887361022F444DC00472B14 /* guitar-player.png in Resources */ = {isa = PBXBuildFile; fileRef = 0887360F22F444DC00472B14 /* guitar-player.png */; };
		0887361422F4498400472B14 /* account@2x.png in Resources */ = {isa = PBXBuildFile; fileRef = 0887361322F4498400472B14 /* account@2x.png */; };
		088E1CBA22F345F1006A197D /* metal@2x.png in Resources */ = {isa = PBXBuildFile; fileRef = 088E1CAD22F345F0006A197D /* metal@2x.png */; };
		088E1CBB22F345F1006A197D /* rock@2x.png in Resources */ = {isa = PBXBuildFile; fileRef = 088E1CAE22F345F0006A197D /* rock@2x.png */; };
		088E1CBC22F345F1006A197D /* treble@2x.png in Resources */ = {isa = PBXBuildFile; fileRef = 088E1CAF22F345F0006A197D /* treble@2x.png */; };
		088E1CBD22F345F1006A197D /* settings@2x.png in Resources */ = {isa = PBXBuildFile; fileRef = 088E1CB022F345F0006A197D /* settings@2x.png */; };
		088E1CBE22F345F1006A197D /* metal@2x-4.png in Resources */ = {isa = PBXBuildFile; fileRef = 088E1CB122F345F0006A197D /* metal@2x-4.png */; };
		088E1CBF22F345F1006A197D /* RedButton.png in Resources */ = {isa = PBXBuildFile; fileRef = 088E1CB222F345F0006A197D /* RedButton.png */; };
		088E1CC022F345F1006A197D /* sett@2x.png in Resources */ = {isa = PBXBuildFile; fileRef = 088E1CB322F345F0006A197D /* sett@2x.png */; };
		088E1CC122F345F1006A197D /* PinkButton.png in Resources */ = {isa = PBXBuildFile; fileRef = 088E1CB422F345F0006A197D /* PinkButton.png */; };
		088E1CC222F345F1006A197D /* GreenButton.png in Resources */ = {isa = PBXBuildFile; fileRef = 088E1CB522F345F0006A197D /* GreenButton.png */; };
		088E1CC322F345F1006A197D /* clef@2x.png in Resources */ = {isa = PBXBuildFile; fileRef = 088E1CB622F345F0006A197D /* clef@2x.png */; };
		088E1CC422F345F1006A197D /* BlueButton.png in Resources */ = {isa = PBXBuildFile; fileRef = 088E1CB722F345F0006A197D /* BlueButton.png */; };
		088E1CC522F345F1006A197D /* pick.png in Resources */ = {isa = PBXBuildFile; fileRef = 088E1CB822F345F0006A197D /* pick.png */; };
		088E1CC622F345F1006A197D /* rock@2x (1).png in Resources */ = {isa = PBXBuildFile; fileRef = 088E1CB922F345F1006A197D /* rock@2x (1).png */; };
		088E1CC922F34681006A197D /* Keyboard.png in Resources */ = {isa = PBXBuildFile; fileRef = 088E1CC722F34681006A197D /* Keyboard.png */; };
		088E1CCA22F34681006A197D /* Confirmed.png in Resources */ = {isa = PBXBuildFile; fileRef = 088E1CC822F34681006A197D /* Confirmed.png */; };
		0898EC2722F05146007C32DD /* SettingsTableViewController.swift in Sources */ = {isa = PBXBuildFile; fileRef = 0898EC2022F05146007C32DD /* SettingsTableViewController.swift */; };
		0898EC2822F05146007C32DD /* GameModeViewController.swift in Sources */ = {isa = PBXBuildFile; fileRef = 0898EC2122F05146007C32DD /* GameModeViewController.swift */; };
		0898EC2922F05146007C32DD /* ChordsPickerViewController.swift in Sources */ = {isa = PBXBuildFile; fileRef = 0898EC2222F05146007C32DD /* ChordsPickerViewController.swift */; };
		0898EC2A22F05146007C32DD /* NotationTableViewCell.swift in Sources */ = {isa = PBXBuildFile; fileRef = 0898EC2322F05146007C32DD /* NotationTableViewCell.swift */; };
		0898EC2B22F05146007C32DD /* Guitar.swift in Sources */ = {isa = PBXBuildFile; fileRef = 0898EC2422F05146007C32DD /* Guitar.swift */; };
		0898EC2C22F05146007C32DD /* ViewController.swift in Sources */ = {isa = PBXBuildFile; fileRef = 0898EC2522F05146007C32DD /* ViewController.swift */; };
		0898EC2D22F05146007C32DD /* NotationTableViewController.swift in Sources */ = {isa = PBXBuildFile; fileRef = 0898EC2622F05146007C32DD /* NotationTableViewController.swift */; };
		0898EC3022F051A2007C32DD /* Main.storyboard in Resources */ = {isa = PBXBuildFile; fileRef = 0898EC2E22F051A2007C32DD /* Main.storyboard */; };
		08B5E77E22F1C3C500A6FF05 /* SignalCode.swift in Sources */ = {isa = PBXBuildFile; fileRef = 08B5E77D22F1C3C500A6FF05 /* SignalCode.swift */; };
		08B5E77F22F1C3C500A6FF05 /* SignalCode.swift in Sources */ = {isa = PBXBuildFile; fileRef = 08B5E77D22F1C3C500A6FF05 /* SignalCode.swift */; };
		08CF906022F4707500F8B853 /* nota-musicale@2x.png in Resources */ = {isa = PBXBuildFile; fileRef = 08CF905F22F4707500F8B853 /* nota-musicale@2x.png */; };
		08CF906222F4741100F8B853 /* coppa-image.png in Resources */ = {isa = PBXBuildFile; fileRef = 08CF906122F4741100F8B853 /* coppa-image.png */; };
		08CF906422F475A900F8B853 /* lose-image.png in Resources */ = {isa = PBXBuildFile; fileRef = 08CF906322F475A900F8B853 /* lose-image.png */; };
		08CF906622F4774C00F8B853 /* pareggio-image.png in Resources */ = {isa = PBXBuildFile; fileRef = 08CF906522F4774C00F8B853 /* pareggio-image.png */; };
		08CF906822F4817400F8B853 /* profile@2x.png in Resources */ = {isa = PBXBuildFile; fileRef = 08CF906722F4817400F8B853 /* profile@2x.png */; };
		08D464B922F18E4500B8D43B /* GameController.swift in Sources */ = {isa = PBXBuildFile; fileRef = 77FE01C822F04CDA00861C78 /* GameController.swift */; };
		08D464BE22F1907E00B8D43B /* GameController.swift in Sources */ = {isa = PBXBuildFile; fileRef = 77FE01C822F04CDA00861C78 /* GameController.swift */; };
		08D465B022F1A77600B8D43B /* WatchController.swift in Sources */ = {isa = PBXBuildFile; fileRef = 08D465A822F1A77500B8D43B /* WatchController.swift */; };
		08D465B222F1A77600B8D43B /* MotionManager.swift in Sources */ = {isa = PBXBuildFile; fileRef = 08D465AA22F1A77600B8D43B /* MotionManager.swift */; };
		08D465B322F1A77600B8D43B /* PlayingBuffer.swift in Sources */ = {isa = PBXBuildFile; fileRef = 08D465AB22F1A77600B8D43B /* PlayingBuffer.swift */; };
		08D465B422F1A77600B8D43B /* ExtensionDelegate.swift in Sources */ = {isa = PBXBuildFile; fileRef = 08D465AC22F1A77600B8D43B /* ExtensionDelegate.swift */; };
		08D465B522F1A77600B8D43B /* NotificationController.swift in Sources */ = {isa = PBXBuildFile; fileRef = 08D465AD22F1A77600B8D43B /* NotificationController.swift */; };
		08D465BA22F1A78100B8D43B /* LogoWatch.png in Resources */ = {isa = PBXBuildFile; fileRef = 08D465B722F1A78000B8D43B /* LogoWatch.png */; };
		08D465BB22F1A78100B8D43B /* Interface.storyboard in Resources */ = {isa = PBXBuildFile; fileRef = 08D465B822F1A78100B8D43B /* Interface.storyboard */; };
		08D465BC22F1A78100B8D43B /* Assets.xcassets in Resources */ = {isa = PBXBuildFile; fileRef = 08D465B922F1A78100B8D43B /* Assets.xcassets */; };
		259FCF7A4466898030E2854A /* Pods_Test1_SceneKit_watchOS_App_Extension.framework in Frameworks */ = {isa = PBXBuildFile; fileRef = 74E921CE1C6D8E8B53642FAF /* Pods_Test1_SceneKit_watchOS_App_Extension.framework */; };
		4DCC5A52BA1C80F0803B3382 /* Pods_Test1_SceneKit_tvOS.framework in Frameworks */ = {isa = PBXBuildFile; fileRef = 7F1AB350036D84B5016AEC19 /* Pods_Test1_SceneKit_tvOS.framework */; };
		774CDDAB22F3137300760FC9 /* Guitar.swift in Sources */ = {isa = PBXBuildFile; fileRef = 0898EC2422F05146007C32DD /* Guitar.swift */; };
		774CDDAD22F3150200760FC9 /* Chords in Resources */ = {isa = PBXBuildFile; fileRef = 774CDDAC22F3150200760FC9 /* Chords */; };
		774CDDAE22F3150200760FC9 /* Chords in Resources */ = {isa = PBXBuildFile; fileRef = 774CDDAC22F3150200760FC9 /* Chords */; };
		776713DA22EF852B0020E22C /* Guitars.swift in Sources */ = {isa = PBXBuildFile; fileRef = 776713D922EF852B0020E22C /* Guitars.swift */; };
		777F4CFC22F49353009AADD7 /* PlayManager.swift in Sources */ = {isa = PBXBuildFile; fileRef = 777F4CFB22F49353009AADD7 /* PlayManager.swift */; };
		779E565022EB090400ACC1BF /* SessionManager.swift in Sources */ = {isa = PBXBuildFile; fileRef = 779E564F22EB090300ACC1BF /* SessionManager.swift */; };
		779E565122EB090400ACC1BF /* SessionManager.swift in Sources */ = {isa = PBXBuildFile; fileRef = 779E564F22EB090300ACC1BF /* SessionManager.swift */; };
		779E565322EB0A3200ACC1BF /* DeviceDictionary.swift in Sources */ = {isa = PBXBuildFile; fileRef = 779E565222EB0A3200ACC1BF /* DeviceDictionary.swift */; };
		77DFAD2222E84C56006DCBEE /* AppDelegate.swift in Sources */ = {isa = PBXBuildFile; fileRef = 77DFAD2122E84C56006DCBEE /* AppDelegate.swift */; };
		77DFAD2A22E84C56006DCBEE /* LaunchScreen.storyboard in Resources */ = {isa = PBXBuildFile; fileRef = 77DFAD2822E84C56006DCBEE /* LaunchScreen.storyboard */; };
		77DFAD2F22E84C56006DCBEE /* Test1_SceneKit.app in Embed Watch Content */ = {isa = PBXBuildFile; fileRef = 77DFAD2E22E84C56006DCBEE /* Test1_SceneKit.app */; };
		77DFAD3C22E84C56006DCBEE /* Test1_SceneKit Extension.appex in Embed App Extensions */ = {isa = PBXBuildFile; fileRef = 77DFAD3B22E84C56006DCBEE /* Test1_SceneKit Extension.appex */; settings = {ATTRIBUTES = (RemoveHeadersOnCopy, ); }; };
		77DFAD4C22E84C56006DCBEE /* AppDelegate.swift in Sources */ = {isa = PBXBuildFile; fileRef = 77DFAD4B22E84C56006DCBEE /* AppDelegate.swift */; };
		77DFAD4E22E84C56006DCBEE /* MainViewController.swift in Sources */ = {isa = PBXBuildFile; fileRef = 77DFAD4D22E84C56006DCBEE /* MainViewController.swift */; };
		77DFAD5122E84C56006DCBEE /* Main.storyboard in Resources */ = {isa = PBXBuildFile; fileRef = 77DFAD4F22E84C56006DCBEE /* Main.storyboard */; };
		77DFAD5322E84C56006DCBEE /* MainController.swift in Sources */ = {isa = PBXBuildFile; fileRef = 77DFAD1722E84C54006DCBEE /* MainController.swift */; };
		77DFAD5422E84C56006DCBEE /* MainController.swift in Sources */ = {isa = PBXBuildFile; fileRef = 77DFAD1722E84C54006DCBEE /* MainController.swift */; };
		77DFAD5522E84C56006DCBEE /* MainController.swift in Sources */ = {isa = PBXBuildFile; fileRef = 77DFAD1722E84C54006DCBEE /* MainController.swift */; };
		77DFAD5822E84C56006DCBEE /* Art.scnassets in Resources */ = {isa = PBXBuildFile; fileRef = 77DFAD1822E84C54006DCBEE /* Art.scnassets */; };
		77DFAD5922E84C56006DCBEE /* Assets.xcassets in Resources */ = {isa = PBXBuildFile; fileRef = 77DFAD1922E84C56006DCBEE /* Assets.xcassets */; };
		77DFAD5A22E84C56006DCBEE /* Assets.xcassets in Resources */ = {isa = PBXBuildFile; fileRef = 77DFAD1922E84C56006DCBEE /* Assets.xcassets */; };
		77DFAD5B22E84C56006DCBEE /* Assets.xcassets in Resources */ = {isa = PBXBuildFile; fileRef = 77DFAD1922E84C56006DCBEE /* Assets.xcassets */; };
		77F9DD1C22F0851800B0C37F /* TextManager.swift in Sources */ = {isa = PBXBuildFile; fileRef = 77F9DD1B22F0851800B0C37F /* TextManager.swift */; };
		77F9DD1E22F08F0B00B0C37F /* GameGuitarManager.swift in Sources */ = {isa = PBXBuildFile; fileRef = 77F9DD1D22F08F0B00B0C37F /* GameGuitarManager.swift */; };
		77FE01C722F048E300861C78 /* GameViewController.swift in Sources */ = {isa = PBXBuildFile; fileRef = 77FE01C622F048E300861C78 /* GameViewController.swift */; };
		77FE01C922F04CDA00861C78 /* GameController.swift in Sources */ = {isa = PBXBuildFile; fileRef = 77FE01C822F04CDA00861C78 /* GameController.swift */; };
		D970C44CB9F736BFEABF3E9F /* Pods_Test1_SceneKit_iOS.framework in Frameworks */ = {isa = PBXBuildFile; fileRef = 9772C0921C77065CD2C9CB00 /* Pods_Test1_SceneKit_iOS.framework */; };
		E4199ED4270DAA1FB779FA67 /* Pods_Test1_SceneKit_watchOS_App.framework in Frameworks */ = {isa = PBXBuildFile; fileRef = 37A58CE124B71E8151DB7139 /* Pods_Test1_SceneKit_watchOS_App.framework */; };
/* End PBXBuildFile section */

/* Begin PBXContainerItemProxy section */
		77DFAD3022E84C56006DCBEE /* PBXContainerItemProxy */ = {
			isa = PBXContainerItemProxy;
			containerPortal = 77DFAD1222E84C54006DCBEE /* Project object */;
			proxyType = 1;
			remoteGlobalIDString = 77DFAD2D22E84C56006DCBEE;
			remoteInfo = "Test1_SceneKit watchOS App";
		};
		77DFAD3D22E84C56006DCBEE /* PBXContainerItemProxy */ = {
			isa = PBXContainerItemProxy;
			containerPortal = 77DFAD1222E84C54006DCBEE /* Project object */;
			proxyType = 1;
			remoteGlobalIDString = 77DFAD3A22E84C56006DCBEE;
			remoteInfo = "Test1_SceneKit watchOS App Extension";
		};
/* End PBXContainerItemProxy section */

/* Begin PBXCopyFilesBuildPhase section */
		77DFAD6122E84C56006DCBEE /* Embed App Extensions */ = {
			isa = PBXCopyFilesBuildPhase;
			buildActionMask = 2147483647;
			dstPath = "";
			dstSubfolderSpec = 13;
			files = (
				77DFAD3C22E84C56006DCBEE /* Test1_SceneKit Extension.appex in Embed App Extensions */,
			);
			name = "Embed App Extensions";
			runOnlyForDeploymentPostprocessing = 0;
		};
		77DFAD6522E84C56006DCBEE /* Embed Watch Content */ = {
			isa = PBXCopyFilesBuildPhase;
			buildActionMask = 2147483647;
			dstPath = "$(CONTENTS_FOLDER_PATH)/Watch";
			dstSubfolderSpec = 16;
			files = (
				77DFAD2F22E84C56006DCBEE /* Test1_SceneKit.app in Embed Watch Content */,
			);
			name = "Embed Watch Content";
			runOnlyForDeploymentPostprocessing = 0;
		};
/* End PBXCopyFilesBuildPhase section */

/* Begin PBXFileReference section */
		086325AD22F320D600513E1B /* AccountViewController.swift */ = {isa = PBXFileReference; lastKnownFileType = sourcecode.swift; path = AccountViewController.swift; sourceTree = "<group>"; };
		086325AF22F326B600513E1B /* userDefaultKeysString.swift */ = {isa = PBXFileReference; lastKnownFileType = sourcecode.swift; path = userDefaultKeysString.swift; sourceTree = "<group>"; };
		086325B522F3328800513E1B /* LoginViewController.swift */ = {isa = PBXFileReference; lastKnownFileType = sourcecode.swift; path = LoginViewController.swift; sourceTree = "<group>"; };
		086325B722F33A5100513E1B /* NavigationController.swift */ = {isa = PBXFileReference; lastKnownFileType = sourcecode.swift; path = NavigationController.swift; sourceTree = "<group>"; };
		086325B922F33E7300513E1B /* Assets.xcassets */ = {isa = PBXFileReference; lastKnownFileType = folder.assetcatalog; path = Assets.xcassets; sourceTree = "<group>"; };
		0887360C22F43F1B00472B14 /* Test1_SceneKit.entitlements */ = {isa = PBXFileReference; lastKnownFileType = text.plist.entitlements; path = Test1_SceneKit.entitlements; sourceTree = "<group>"; };
		0887360F22F444DC00472B14 /* guitar-player.png */ = {isa = PBXFileReference; lastKnownFileType = image.png; path = "guitar-player.png"; sourceTree = "<group>"; };
		0887361322F4498400472B14 /* account@2x.png */ = {isa = PBXFileReference; lastKnownFileType = image.png; path = "account@2x.png"; sourceTree = "<group>"; };
		088E1CAD22F345F0006A197D /* metal@2x.png */ = {isa = PBXFileReference; lastKnownFileType = image.png; path = "metal@2x.png"; sourceTree = "<group>"; };
		088E1CAE22F345F0006A197D /* rock@2x.png */ = {isa = PBXFileReference; lastKnownFileType = image.png; path = "rock@2x.png"; sourceTree = "<group>"; };
		088E1CAF22F345F0006A197D /* treble@2x.png */ = {isa = PBXFileReference; lastKnownFileType = image.png; path = "treble@2x.png"; sourceTree = "<group>"; };
		088E1CB022F345F0006A197D /* settings@2x.png */ = {isa = PBXFileReference; lastKnownFileType = image.png; path = "settings@2x.png"; sourceTree = "<group>"; };
		088E1CB122F345F0006A197D /* metal@2x-4.png */ = {isa = PBXFileReference; lastKnownFileType = image.png; path = "metal@2x-4.png"; sourceTree = "<group>"; };
		088E1CB222F345F0006A197D /* RedButton.png */ = {isa = PBXFileReference; lastKnownFileType = image.png; path = RedButton.png; sourceTree = "<group>"; };
		088E1CB322F345F0006A197D /* sett@2x.png */ = {isa = PBXFileReference; lastKnownFileType = image.png; path = "sett@2x.png"; sourceTree = "<group>"; };
		088E1CB422F345F0006A197D /* PinkButton.png */ = {isa = PBXFileReference; lastKnownFileType = image.png; path = PinkButton.png; sourceTree = "<group>"; };
		088E1CB522F345F0006A197D /* GreenButton.png */ = {isa = PBXFileReference; lastKnownFileType = image.png; path = GreenButton.png; sourceTree = "<group>"; };
		088E1CB622F345F0006A197D /* clef@2x.png */ = {isa = PBXFileReference; lastKnownFileType = image.png; path = "clef@2x.png"; sourceTree = "<group>"; };
		088E1CB722F345F0006A197D /* BlueButton.png */ = {isa = PBXFileReference; lastKnownFileType = image.png; path = BlueButton.png; sourceTree = "<group>"; };
		088E1CB822F345F0006A197D /* pick.png */ = {isa = PBXFileReference; lastKnownFileType = image.png; path = pick.png; sourceTree = "<group>"; };
		088E1CB922F345F1006A197D /* rock@2x (1).png */ = {isa = PBXFileReference; lastKnownFileType = image.png; path = "rock@2x (1).png"; sourceTree = "<group>"; };
		088E1CC722F34681006A197D /* Keyboard.png */ = {isa = PBXFileReference; lastKnownFileType = image.png; path = Keyboard.png; sourceTree = "<group>"; };
		088E1CC822F34681006A197D /* Confirmed.png */ = {isa = PBXFileReference; lastKnownFileType = image.png; path = Confirmed.png; sourceTree = "<group>"; };
		0898EC2022F05146007C32DD /* SettingsTableViewController.swift */ = {isa = PBXFileReference; fileEncoding = 4; lastKnownFileType = sourcecode.swift; path = SettingsTableViewController.swift; sourceTree = "<group>"; };
		0898EC2122F05146007C32DD /* GameModeViewController.swift */ = {isa = PBXFileReference; fileEncoding = 4; lastKnownFileType = sourcecode.swift; path = GameModeViewController.swift; sourceTree = "<group>"; };
		0898EC2222F05146007C32DD /* ChordsPickerViewController.swift */ = {isa = PBXFileReference; fileEncoding = 4; lastKnownFileType = sourcecode.swift; path = ChordsPickerViewController.swift; sourceTree = "<group>"; };
		0898EC2322F05146007C32DD /* NotationTableViewCell.swift */ = {isa = PBXFileReference; fileEncoding = 4; lastKnownFileType = sourcecode.swift; path = NotationTableViewCell.swift; sourceTree = "<group>"; };
		0898EC2422F05146007C32DD /* Guitar.swift */ = {isa = PBXFileReference; fileEncoding = 4; lastKnownFileType = sourcecode.swift; path = Guitar.swift; sourceTree = "<group>"; };
		0898EC2522F05146007C32DD /* ViewController.swift */ = {isa = PBXFileReference; fileEncoding = 4; lastKnownFileType = sourcecode.swift; path = ViewController.swift; sourceTree = "<group>"; };
		0898EC2622F05146007C32DD /* NotationTableViewController.swift */ = {isa = PBXFileReference; fileEncoding = 4; lastKnownFileType = sourcecode.swift; path = NotationTableViewController.swift; sourceTree = "<group>"; };
		0898EC2F22F051A2007C32DD /* Base */ = {isa = PBXFileReference; lastKnownFileType = file.storyboard; name = Base; path = Base.lproj/Main.storyboard; sourceTree = "<group>"; };
		0898EC3122F05203007C32DD /* Test1_SceneKit watchOS App-Bridging-Header.h */ = {isa = PBXFileReference; lastKnownFileType = sourcecode.c.h; path = "Test1_SceneKit watchOS App-Bridging-Header.h"; sourceTree = "<group>"; };
		08B5E77D22F1C3C500A6FF05 /* SignalCode.swift */ = {isa = PBXFileReference; lastKnownFileType = sourcecode.swift; path = SignalCode.swift; sourceTree = "<group>"; };
		08CF905F22F4707500F8B853 /* nota-musicale@2x.png */ = {isa = PBXFileReference; lastKnownFileType = image.png; path = "nota-musicale@2x.png"; sourceTree = "<group>"; };
		08CF906122F4741100F8B853 /* coppa-image.png */ = {isa = PBXFileReference; lastKnownFileType = image.png; path = "coppa-image.png"; sourceTree = "<group>"; };
		08CF906322F475A900F8B853 /* lose-image.png */ = {isa = PBXFileReference; lastKnownFileType = image.png; path = "lose-image.png"; sourceTree = "<group>"; };
		08CF906522F4774C00F8B853 /* pareggio-image.png */ = {isa = PBXFileReference; lastKnownFileType = image.png; path = "pareggio-image.png"; sourceTree = "<group>"; };
		08CF906722F4817400F8B853 /* profile@2x.png */ = {isa = PBXFileReference; lastKnownFileType = image.png; path = "profile@2x.png"; sourceTree = "<group>"; };
		08D465A822F1A77500B8D43B /* WatchController.swift */ = {isa = PBXFileReference; fileEncoding = 4; lastKnownFileType = sourcecode.swift; path = WatchController.swift; sourceTree = "<group>"; };
		08D465AA22F1A77600B8D43B /* MotionManager.swift */ = {isa = PBXFileReference; fileEncoding = 4; lastKnownFileType = sourcecode.swift; path = MotionManager.swift; sourceTree = "<group>"; };
		08D465AB22F1A77600B8D43B /* PlayingBuffer.swift */ = {isa = PBXFileReference; fileEncoding = 4; lastKnownFileType = sourcecode.swift; path = PlayingBuffer.swift; sourceTree = "<group>"; };
		08D465AC22F1A77600B8D43B /* ExtensionDelegate.swift */ = {isa = PBXFileReference; fileEncoding = 4; lastKnownFileType = sourcecode.swift; path = ExtensionDelegate.swift; sourceTree = "<group>"; };
		08D465AD22F1A77600B8D43B /* NotificationController.swift */ = {isa = PBXFileReference; fileEncoding = 4; lastKnownFileType = sourcecode.swift; path = NotificationController.swift; sourceTree = "<group>"; };
		08D465B722F1A78000B8D43B /* LogoWatch.png */ = {isa = PBXFileReference; lastKnownFileType = image.png; path = LogoWatch.png; sourceTree = "<group>"; };
		08D465B822F1A78100B8D43B /* Interface.storyboard */ = {isa = PBXFileReference; fileEncoding = 4; lastKnownFileType = file.storyboard; path = Interface.storyboard; sourceTree = "<group>"; };
		08D465B922F1A78100B8D43B /* Assets.xcassets */ = {isa = PBXFileReference; lastKnownFileType = folder.assetcatalog; path = Assets.xcassets; sourceTree = "<group>"; };
		2A15CD72FB1605F801D79853 /* Pods-Test1_SceneKit watchOS App Extension.release.xcconfig */ = {isa = PBXFileReference; includeInIndex = 1; lastKnownFileType = text.xcconfig; name = "Pods-Test1_SceneKit watchOS App Extension.release.xcconfig"; path = "Target Support Files/Pods-Test1_SceneKit watchOS App Extension/Pods-Test1_SceneKit watchOS App Extension.release.xcconfig"; sourceTree = "<group>"; };
		37A58CE124B71E8151DB7139 /* Pods_Test1_SceneKit_watchOS_App.framework */ = {isa = PBXFileReference; explicitFileType = wrapper.framework; includeInIndex = 0; path = Pods_Test1_SceneKit_watchOS_App.framework; sourceTree = BUILT_PRODUCTS_DIR; };
		4217021D0952E689A6BEE811 /* Pods-Test1_SceneKit iOS.release.xcconfig */ = {isa = PBXFileReference; includeInIndex = 1; lastKnownFileType = text.xcconfig; name = "Pods-Test1_SceneKit iOS.release.xcconfig"; path = "Target Support Files/Pods-Test1_SceneKit iOS/Pods-Test1_SceneKit iOS.release.xcconfig"; sourceTree = "<group>"; };
		5F9512767E613292E5B6A54E /* Pods-Test1_SceneKit iOS.debug.xcconfig */ = {isa = PBXFileReference; includeInIndex = 1; lastKnownFileType = text.xcconfig; name = "Pods-Test1_SceneKit iOS.debug.xcconfig"; path = "Target Support Files/Pods-Test1_SceneKit iOS/Pods-Test1_SceneKit iOS.debug.xcconfig"; sourceTree = "<group>"; };
		74E921CE1C6D8E8B53642FAF /* Pods_Test1_SceneKit_watchOS_App_Extension.framework */ = {isa = PBXFileReference; explicitFileType = wrapper.framework; includeInIndex = 0; path = Pods_Test1_SceneKit_watchOS_App_Extension.framework; sourceTree = BUILT_PRODUCTS_DIR; };
		75C085316D097790450E475D /* Pods-Test1_SceneKit tvOS.release.xcconfig */ = {isa = PBXFileReference; includeInIndex = 1; lastKnownFileType = text.xcconfig; name = "Pods-Test1_SceneKit tvOS.release.xcconfig"; path = "Target Support Files/Pods-Test1_SceneKit tvOS/Pods-Test1_SceneKit tvOS.release.xcconfig"; sourceTree = "<group>"; };
		774CDDAC22F3150200760FC9 /* Chords */ = {isa = PBXFileReference; lastKnownFileType = folder; name = Chords; path = "Test1_SceneKit iOS/Chords"; sourceTree = SOURCE_ROOT; };
		776713D922EF852B0020E22C /* Guitars.swift */ = {isa = PBXFileReference; lastKnownFileType = sourcecode.swift; path = Guitars.swift; sourceTree = "<group>"; };
		777F4CFB22F49353009AADD7 /* PlayManager.swift */ = {isa = PBXFileReference; lastKnownFileType = sourcecode.swift; path = PlayManager.swift; sourceTree = "<group>"; };
		779E564F22EB090300ACC1BF /* SessionManager.swift */ = {isa = PBXFileReference; fileEncoding = 4; lastKnownFileType = sourcecode.swift; path = SessionManager.swift; sourceTree = "<group>"; };
		779E565222EB0A3200ACC1BF /* DeviceDictionary.swift */ = {isa = PBXFileReference; lastKnownFileType = sourcecode.swift; path = DeviceDictionary.swift; sourceTree = "<group>"; };
		77DFAD1722E84C54006DCBEE /* MainController.swift */ = {isa = PBXFileReference; lastKnownFileType = sourcecode.swift; path = MainController.swift; sourceTree = "<group>"; };
		77DFAD1822E84C54006DCBEE /* Art.scnassets */ = {isa = PBXFileReference; lastKnownFileType = wrapper.scnassets; path = Art.scnassets; sourceTree = "<group>"; };
		77DFAD1922E84C56006DCBEE /* Assets.xcassets */ = {isa = PBXFileReference; lastKnownFileType = folder.assetcatalog; path = Assets.xcassets; sourceTree = "<group>"; };
		77DFAD1E22E84C56006DCBEE /* Test1_SceneKit.app */ = {isa = PBXFileReference; explicitFileType = wrapper.application; includeInIndex = 0; path = Test1_SceneKit.app; sourceTree = BUILT_PRODUCTS_DIR; };
		77DFAD2122E84C56006DCBEE /* AppDelegate.swift */ = {isa = PBXFileReference; lastKnownFileType = sourcecode.swift; path = AppDelegate.swift; sourceTree = "<group>"; };
		77DFAD2922E84C56006DCBEE /* Base */ = {isa = PBXFileReference; lastKnownFileType = file.storyboard; name = Base; path = Base.lproj/LaunchScreen.storyboard; sourceTree = "<group>"; };
		77DFAD2B22E84C56006DCBEE /* Info.plist */ = {isa = PBXFileReference; lastKnownFileType = text.plist.xml; path = Info.plist; sourceTree = "<group>"; };
		77DFAD2E22E84C56006DCBEE /* Test1_SceneKit.app */ = {isa = PBXFileReference; explicitFileType = wrapper.application; includeInIndex = 0; path = Test1_SceneKit.app; sourceTree = BUILT_PRODUCTS_DIR; };
		77DFAD3622E84C56006DCBEE /* Info.plist */ = {isa = PBXFileReference; lastKnownFileType = text.plist.xml; path = Info.plist; sourceTree = "<group>"; };
		77DFAD3B22E84C56006DCBEE /* Test1_SceneKit Extension.appex */ = {isa = PBXFileReference; explicitFileType = "wrapper.app-extension"; includeInIndex = 0; path = "Test1_SceneKit Extension.appex"; sourceTree = BUILT_PRODUCTS_DIR; };
		77DFAD4422E84C56006DCBEE /* Info.plist */ = {isa = PBXFileReference; lastKnownFileType = text.plist.xml; path = Info.plist; sourceTree = "<group>"; };
		77DFAD4922E84C56006DCBEE /* Test1_SceneKit.app */ = {isa = PBXFileReference; explicitFileType = wrapper.application; includeInIndex = 0; path = Test1_SceneKit.app; sourceTree = BUILT_PRODUCTS_DIR; };
		77DFAD4B22E84C56006DCBEE /* AppDelegate.swift */ = {isa = PBXFileReference; lastKnownFileType = sourcecode.swift; path = AppDelegate.swift; sourceTree = "<group>"; };
		77DFAD4D22E84C56006DCBEE /* MainViewController.swift */ = {isa = PBXFileReference; lastKnownFileType = sourcecode.swift; path = MainViewController.swift; sourceTree = "<group>"; };
		77DFAD5022E84C56006DCBEE /* Base */ = {isa = PBXFileReference; lastKnownFileType = file.storyboard; name = Base; path = Base.lproj/Main.storyboard; sourceTree = "<group>"; };
		77DFAD5222E84C56006DCBEE /* Info.plist */ = {isa = PBXFileReference; lastKnownFileType = text.plist.xml; path = Info.plist; sourceTree = "<group>"; };
		77F9DD1B22F0851800B0C37F /* TextManager.swift */ = {isa = PBXFileReference; lastKnownFileType = sourcecode.swift; path = TextManager.swift; sourceTree = "<group>"; };
		77F9DD1D22F08F0B00B0C37F /* GameGuitarManager.swift */ = {isa = PBXFileReference; lastKnownFileType = sourcecode.swift; path = GameGuitarManager.swift; sourceTree = "<group>"; };
		77FE01C622F048E300861C78 /* GameViewController.swift */ = {isa = PBXFileReference; lastKnownFileType = sourcecode.swift; path = GameViewController.swift; sourceTree = "<group>"; };
		77FE01C822F04CDA00861C78 /* GameController.swift */ = {isa = PBXFileReference; lastKnownFileType = sourcecode.swift; path = GameController.swift; sourceTree = "<group>"; };
		7F1AB350036D84B5016AEC19 /* Pods_Test1_SceneKit_tvOS.framework */ = {isa = PBXFileReference; explicitFileType = wrapper.framework; includeInIndex = 0; path = Pods_Test1_SceneKit_tvOS.framework; sourceTree = BUILT_PRODUCTS_DIR; };
		8CB2B657CFC017B47E71029A /* Pods-Test1_SceneKit tvOS.debug.xcconfig */ = {isa = PBXFileReference; includeInIndex = 1; lastKnownFileType = text.xcconfig; name = "Pods-Test1_SceneKit tvOS.debug.xcconfig"; path = "Target Support Files/Pods-Test1_SceneKit tvOS/Pods-Test1_SceneKit tvOS.debug.xcconfig"; sourceTree = "<group>"; };
		9772C0921C77065CD2C9CB00 /* Pods_Test1_SceneKit_iOS.framework */ = {isa = PBXFileReference; explicitFileType = wrapper.framework; includeInIndex = 0; path = Pods_Test1_SceneKit_iOS.framework; sourceTree = BUILT_PRODUCTS_DIR; };
		B62030EA068D9B1FEA35EA65 /* Pods-Test1_SceneKit watchOS App.release.xcconfig */ = {isa = PBXFileReference; includeInIndex = 1; lastKnownFileType = text.xcconfig; name = "Pods-Test1_SceneKit watchOS App.release.xcconfig"; path = "Target Support Files/Pods-Test1_SceneKit watchOS App/Pods-Test1_SceneKit watchOS App.release.xcconfig"; sourceTree = "<group>"; };
		D5AD132005CE4BC2B1075000 /* Pods-Test1_SceneKit watchOS App.debug.xcconfig */ = {isa = PBXFileReference; includeInIndex = 1; lastKnownFileType = text.xcconfig; name = "Pods-Test1_SceneKit watchOS App.debug.xcconfig"; path = "Target Support Files/Pods-Test1_SceneKit watchOS App/Pods-Test1_SceneKit watchOS App.debug.xcconfig"; sourceTree = "<group>"; };
		DB96BC2531D53A4C6A7A5973 /* Pods-Test1_SceneKit watchOS App Extension.debug.xcconfig */ = {isa = PBXFileReference; includeInIndex = 1; lastKnownFileType = text.xcconfig; name = "Pods-Test1_SceneKit watchOS App Extension.debug.xcconfig"; path = "Target Support Files/Pods-Test1_SceneKit watchOS App Extension/Pods-Test1_SceneKit watchOS App Extension.debug.xcconfig"; sourceTree = "<group>"; };
/* End PBXFileReference section */

/* Begin PBXFrameworksBuildPhase section */
		77DFAD1B22E84C56006DCBEE /* Frameworks */ = {
			isa = PBXFrameworksBuildPhase;
			buildActionMask = 2147483647;
			files = (
				D970C44CB9F736BFEABF3E9F /* Pods_Test1_SceneKit_iOS.framework in Frameworks */,
			);
			runOnlyForDeploymentPostprocessing = 0;
		};
		77DFAD3822E84C56006DCBEE /* Frameworks */ = {
			isa = PBXFrameworksBuildPhase;
			buildActionMask = 2147483647;
			files = (
				259FCF7A4466898030E2854A /* Pods_Test1_SceneKit_watchOS_App_Extension.framework in Frameworks */,
			);
			runOnlyForDeploymentPostprocessing = 0;
		};
		77DFAD4622E84C56006DCBEE /* Frameworks */ = {
			isa = PBXFrameworksBuildPhase;
			buildActionMask = 2147483647;
			files = (
				4DCC5A52BA1C80F0803B3382 /* Pods_Test1_SceneKit_tvOS.framework in Frameworks */,
			);
			runOnlyForDeploymentPostprocessing = 0;
		};
		A9A9757BF72FB037F29FE49F /* Frameworks */ = {
			isa = PBXFrameworksBuildPhase;
			buildActionMask = 2147483647;
			files = (
				E4199ED4270DAA1FB779FA67 /* Pods_Test1_SceneKit_watchOS_App.framework in Frameworks */,
			);
			runOnlyForDeploymentPostprocessing = 0;
		};
/* End PBXFrameworksBuildPhase section */

/* Begin PBXGroup section */
		77DFAD1122E84C54006DCBEE = {
			isa = PBXGroup;
			children = (
				77DFAD1622E84C54006DCBEE /* Test1_SceneKit Shared */,
				77DFAD2022E84C56006DCBEE /* Test1_SceneKit iOS */,
				77DFAD3222E84C56006DCBEE /* Test1_SceneKit watchOS App */,
				77DFAD3F22E84C56006DCBEE /* Test1_SceneKit watchOS App Extension */,
				77DFAD4A22E84C56006DCBEE /* Test1_SceneKit tvOS */,
				77DFAD1F22E84C56006DCBEE /* Products */,
				D9DC33E5BB63E3A11D2F5EE0 /* Pods */,
				BE6B7D291FCC2D24723FF54F /* Frameworks */,
			);
			sourceTree = "<group>";
		};
		77DFAD1622E84C54006DCBEE /* Test1_SceneKit Shared */ = {
			isa = PBXGroup;
			children = (
				774CDDAC22F3150200760FC9 /* Chords */,
				779E564F22EB090300ACC1BF /* SessionManager.swift */,
				77DFAD1722E84C54006DCBEE /* MainController.swift */,
				77FE01C822F04CDA00861C78 /* GameController.swift */,
				08B5E77D22F1C3C500A6FF05 /* SignalCode.swift */,
				0898EC2422F05146007C32DD /* Guitar.swift */,
				086325AF22F326B600513E1B /* userDefaultKeysString.swift */,
				77DFAD1822E84C54006DCBEE /* Art.scnassets */,
				77DFAD1922E84C56006DCBEE /* Assets.xcassets */,
				0898EC3122F05203007C32DD /* Test1_SceneKit watchOS App-Bridging-Header.h */,
			);
			path = "Test1_SceneKit Shared";
			sourceTree = "<group>";
		};
		77DFAD1F22E84C56006DCBEE /* Products */ = {
			isa = PBXGroup;
			children = (
				77DFAD1E22E84C56006DCBEE /* Test1_SceneKit.app */,
				77DFAD2E22E84C56006DCBEE /* Test1_SceneKit.app */,
				77DFAD3B22E84C56006DCBEE /* Test1_SceneKit Extension.appex */,
				77DFAD4922E84C56006DCBEE /* Test1_SceneKit.app */,
			);
			name = Products;
			sourceTree = "<group>";
		};
		77DFAD2022E84C56006DCBEE /* Test1_SceneKit iOS */ = {
			isa = PBXGroup;
			children = (
				08CF906722F4817400F8B853 /* profile@2x.png */,
				08CF906522F4774C00F8B853 /* pareggio-image.png */,
				08CF906322F475A900F8B853 /* lose-image.png */,
				08CF906122F4741100F8B853 /* coppa-image.png */,
				08CF905F22F4707500F8B853 /* nota-musicale@2x.png */,
				0887361322F4498400472B14 /* account@2x.png */,
				0887360F22F444DC00472B14 /* guitar-player.png */,
				0887360C22F43F1B00472B14 /* Test1_SceneKit.entitlements */,
				088E1CC822F34681006A197D /* Confirmed.png */,
				088E1CC722F34681006A197D /* Keyboard.png */,
				088E1CB722F345F0006A197D /* BlueButton.png */,
				088E1CB622F345F0006A197D /* clef@2x.png */,
				088E1CB522F345F0006A197D /* GreenButton.png */,
				088E1CB122F345F0006A197D /* metal@2x-4.png */,
				088E1CAD22F345F0006A197D /* metal@2x.png */,
				088E1CB822F345F0006A197D /* pick.png */,
				088E1CB422F345F0006A197D /* PinkButton.png */,
				088E1CB222F345F0006A197D /* RedButton.png */,
				088E1CB922F345F1006A197D /* rock@2x (1).png */,
				088E1CAE22F345F0006A197D /* rock@2x.png */,
				088E1CB322F345F0006A197D /* sett@2x.png */,
				088E1CB022F345F0006A197D /* settings@2x.png */,
				088E1CAF22F345F0006A197D /* treble@2x.png */,
				0898EC2E22F051A2007C32DD /* Main.storyboard */,
				0898EC2222F05146007C32DD /* ChordsPickerViewController.swift */,
				0898EC2122F05146007C32DD /* GameModeViewController.swift */,
				0898EC2322F05146007C32DD /* NotationTableViewCell.swift */,
				0898EC2622F05146007C32DD /* NotationTableViewController.swift */,
				0898EC2022F05146007C32DD /* SettingsTableViewController.swift */,
				0898EC2522F05146007C32DD /* ViewController.swift */,
				77DFAD2122E84C56006DCBEE /* AppDelegate.swift */,
				77DFAD2822E84C56006DCBEE /* LaunchScreen.storyboard */,
				77DFAD2B22E84C56006DCBEE /* Info.plist */,
				086325AD22F320D600513E1B /* AccountViewController.swift */,
				086325B522F3328800513E1B /* LoginViewController.swift */,
				086325B722F33A5100513E1B /* NavigationController.swift */,
			);
			path = "Test1_SceneKit iOS";
			sourceTree = "<group>";
		};
		77DFAD3222E84C56006DCBEE /* Test1_SceneKit watchOS App */ = {
			isa = PBXGroup;
			children = (
				08D465B922F1A78100B8D43B /* Assets.xcassets */,
				08D465B822F1A78100B8D43B /* Interface.storyboard */,
				08D465B722F1A78000B8D43B /* LogoWatch.png */,
				77DFAD3622E84C56006DCBEE /* Info.plist */,
			);
			path = "Test1_SceneKit watchOS App";
			sourceTree = "<group>";
		};
		77DFAD3F22E84C56006DCBEE /* Test1_SceneKit watchOS App Extension */ = {
			isa = PBXGroup;
			children = (
				086325B922F33E7300513E1B /* Assets.xcassets */,
				08D465AC22F1A77600B8D43B /* ExtensionDelegate.swift */,
				08D465AA22F1A77600B8D43B /* MotionManager.swift */,
				08D465AD22F1A77600B8D43B /* NotificationController.swift */,
				08D465AB22F1A77600B8D43B /* PlayingBuffer.swift */,
				08D465A822F1A77500B8D43B /* WatchController.swift */,
				77DFAD4422E84C56006DCBEE /* Info.plist */,
			);
			path = "Test1_SceneKit watchOS App Extension";
			sourceTree = "<group>";
		};
		77DFAD4A22E84C56006DCBEE /* Test1_SceneKit tvOS */ = {
			isa = PBXGroup;
			children = (
				77DFAD4B22E84C56006DCBEE /* AppDelegate.swift */,
				77DFAD4D22E84C56006DCBEE /* MainViewController.swift */,
				77FE01C622F048E300861C78 /* GameViewController.swift */,
				77DFAD4F22E84C56006DCBEE /* Main.storyboard */,
				77DFAD5222E84C56006DCBEE /* Info.plist */,
				779E565222EB0A3200ACC1BF /* DeviceDictionary.swift */,
				776713D922EF852B0020E22C /* Guitars.swift */,
				77F9DD1B22F0851800B0C37F /* TextManager.swift */,
				77F9DD1D22F08F0B00B0C37F /* GameGuitarManager.swift */,
				777F4CFB22F49353009AADD7 /* PlayManager.swift */,
			);
			path = "Test1_SceneKit tvOS";
			sourceTree = "<group>";
		};
		BE6B7D291FCC2D24723FF54F /* Frameworks */ = {
			isa = PBXGroup;
			children = (
				9772C0921C77065CD2C9CB00 /* Pods_Test1_SceneKit_iOS.framework */,
				7F1AB350036D84B5016AEC19 /* Pods_Test1_SceneKit_tvOS.framework */,
				37A58CE124B71E8151DB7139 /* Pods_Test1_SceneKit_watchOS_App.framework */,
				74E921CE1C6D8E8B53642FAF /* Pods_Test1_SceneKit_watchOS_App_Extension.framework */,
			);
			name = Frameworks;
			sourceTree = "<group>";
		};
		D9DC33E5BB63E3A11D2F5EE0 /* Pods */ = {
			isa = PBXGroup;
			children = (
				5F9512767E613292E5B6A54E /* Pods-Test1_SceneKit iOS.debug.xcconfig */,
				4217021D0952E689A6BEE811 /* Pods-Test1_SceneKit iOS.release.xcconfig */,
				8CB2B657CFC017B47E71029A /* Pods-Test1_SceneKit tvOS.debug.xcconfig */,
				75C085316D097790450E475D /* Pods-Test1_SceneKit tvOS.release.xcconfig */,
				D5AD132005CE4BC2B1075000 /* Pods-Test1_SceneKit watchOS App.debug.xcconfig */,
				B62030EA068D9B1FEA35EA65 /* Pods-Test1_SceneKit watchOS App.release.xcconfig */,
				DB96BC2531D53A4C6A7A5973 /* Pods-Test1_SceneKit watchOS App Extension.debug.xcconfig */,
				2A15CD72FB1605F801D79853 /* Pods-Test1_SceneKit watchOS App Extension.release.xcconfig */,
			);
			path = Pods;
			sourceTree = "<group>";
		};
/* End PBXGroup section */

/* Begin PBXNativeTarget section */
		77DFAD1D22E84C56006DCBEE /* Test1_SceneKit iOS */ = {
			isa = PBXNativeTarget;
			buildConfigurationList = 77DFAD6622E84C56006DCBEE /* Build configuration list for PBXNativeTarget "Test1_SceneKit iOS" */;
			buildPhases = (
				37454D75D517CDB3441FCB35 /* [CP] Check Pods Manifest.lock */,
				77DFAD1A22E84C56006DCBEE /* Sources */,
				77DFAD1B22E84C56006DCBEE /* Frameworks */,
				77DFAD1C22E84C56006DCBEE /* Resources */,
				77DFAD6522E84C56006DCBEE /* Embed Watch Content */,
			);
			buildRules = (
			);
			dependencies = (
				77DFAD3122E84C56006DCBEE /* PBXTargetDependency */,
			);
			name = "Test1_SceneKit iOS";
			productName = "Test1_SceneKit iOS";
			productReference = 77DFAD1E22E84C56006DCBEE /* Test1_SceneKit.app */;
			productType = "com.apple.product-type.application";
		};
		77DFAD2D22E84C56006DCBEE /* Test1_SceneKit watchOS App */ = {
			isa = PBXNativeTarget;
			buildConfigurationList = 77DFAD6222E84C56006DCBEE /* Build configuration list for PBXNativeTarget "Test1_SceneKit watchOS App" */;
			buildPhases = (
				340E0799851C7604BA6E064F /* [CP] Check Pods Manifest.lock */,
				77DFAD2C22E84C56006DCBEE /* Resources */,
				77DFAD6122E84C56006DCBEE /* Embed App Extensions */,
				A9A9757BF72FB037F29FE49F /* Frameworks */,
			);
			buildRules = (
			);
			dependencies = (
				77DFAD3E22E84C56006DCBEE /* PBXTargetDependency */,
			);
			name = "Test1_SceneKit watchOS App";
			productName = "Test1_SceneKit watchOS App";
			productReference = 77DFAD2E22E84C56006DCBEE /* Test1_SceneKit.app */;
			productType = "com.apple.product-type.application.watchapp2";
		};
		77DFAD3A22E84C56006DCBEE /* Test1_SceneKit watchOS App Extension */ = {
			isa = PBXNativeTarget;
			buildConfigurationList = 77DFAD5E22E84C56006DCBEE /* Build configuration list for PBXNativeTarget "Test1_SceneKit watchOS App Extension" */;
			buildPhases = (
				0D84908CAD662EEDE7A8D1D2 /* [CP] Check Pods Manifest.lock */,
				77DFAD3722E84C56006DCBEE /* Sources */,
				77DFAD3822E84C56006DCBEE /* Frameworks */,
				77DFAD3922E84C56006DCBEE /* Resources */,
			);
			buildRules = (
			);
			dependencies = (
			);
			name = "Test1_SceneKit watchOS App Extension";
			productName = "Test1_SceneKit watchOS App Extension";
			productReference = 77DFAD3B22E84C56006DCBEE /* Test1_SceneKit Extension.appex */;
			productType = "com.apple.product-type.watchkit2-extension";
		};
		77DFAD4822E84C56006DCBEE /* Test1_SceneKit tvOS */ = {
			isa = PBXNativeTarget;
			buildConfigurationList = 77DFAD6922E84C56006DCBEE /* Build configuration list for PBXNativeTarget "Test1_SceneKit tvOS" */;
			buildPhases = (
				BF10BAD2A37BD4FB5D06F3D9 /* [CP] Check Pods Manifest.lock */,
				77DFAD4522E84C56006DCBEE /* Sources */,
				77DFAD4622E84C56006DCBEE /* Frameworks */,
				77DFAD4722E84C56006DCBEE /* Resources */,
			);
			buildRules = (
			);
			dependencies = (
			);
			name = "Test1_SceneKit tvOS";
			productName = "Test1_SceneKit tvOS";
			productReference = 77DFAD4922E84C56006DCBEE /* Test1_SceneKit.app */;
			productType = "com.apple.product-type.application";
		};
/* End PBXNativeTarget section */

/* Begin PBXProject section */
		77DFAD1222E84C54006DCBEE /* Project object */ = {
			isa = PBXProject;
			attributes = {
				LastSwiftUpdateCheck = 1030;
				LastUpgradeCheck = 1030;
				ORGANIZATIONNAME = "Gennaro Giaquinto";
				TargetAttributes = {
					77DFAD1D22E84C56006DCBEE = {
						CreatedOnToolsVersion = 10.3;
						SystemCapabilities = {
							com.apple.Push = {
								enabled = 1;
							};
						};
					};
					77DFAD2D22E84C56006DCBEE = {
						CreatedOnToolsVersion = 10.3;
						LastSwiftMigration = 1030;
					};
					77DFAD3A22E84C56006DCBEE = {
						CreatedOnToolsVersion = 10.3;
					};
					77DFAD4822E84C56006DCBEE = {
						CreatedOnToolsVersion = 10.3;
					};
				};
			};
			buildConfigurationList = 77DFAD1522E84C54006DCBEE /* Build configuration list for PBXProject "Test1_SceneKit" */;
			compatibilityVersion = "Xcode 9.3";
			developmentRegion = en;
			hasScannedForEncodings = 0;
			knownRegions = (
				en,
				Base,
			);
			mainGroup = 77DFAD1122E84C54006DCBEE;
			productRefGroup = 77DFAD1F22E84C56006DCBEE /* Products */;
			projectDirPath = "";
			projectRoot = "";
			targets = (
				77DFAD1D22E84C56006DCBEE /* Test1_SceneKit iOS */,
				77DFAD2D22E84C56006DCBEE /* Test1_SceneKit watchOS App */,
				77DFAD3A22E84C56006DCBEE /* Test1_SceneKit watchOS App Extension */,
				77DFAD4822E84C56006DCBEE /* Test1_SceneKit tvOS */,
			);
		};
/* End PBXProject section */

/* Begin PBXResourcesBuildPhase section */
		77DFAD1C22E84C56006DCBEE /* Resources */ = {
			isa = PBXResourcesBuildPhase;
			buildActionMask = 2147483647;
			files = (
				088E1CC922F34681006A197D /* Keyboard.png in Resources */,
				08CF906022F4707500F8B853 /* nota-musicale@2x.png in Resources */,
				088E1CC022F345F1006A197D /* sett@2x.png in Resources */,
				088E1CBC22F345F1006A197D /* treble@2x.png in Resources */,
				08CF906222F4741100F8B853 /* coppa-image.png in Resources */,
				088E1CBD22F345F1006A197D /* settings@2x.png in Resources */,
				088E1CC222F345F1006A197D /* GreenButton.png in Resources */,
				088E1CC522F345F1006A197D /* pick.png in Resources */,
				088E1CC122F345F1006A197D /* PinkButton.png in Resources */,
				088E1CC422F345F1006A197D /* BlueButton.png in Resources */,
				08CF906422F475A900F8B853 /* lose-image.png in Resources */,
				0887361022F444DC00472B14 /* guitar-player.png in Resources */,
				0887361422F4498400472B14 /* account@2x.png in Resources */,
				088E1CBA22F345F1006A197D /* metal@2x.png in Resources */,
				77DFAD2A22E84C56006DCBEE /* LaunchScreen.storyboard in Resources */,
				088E1CC622F345F1006A197D /* rock@2x (1).png in Resources */,
				08CF906822F4817400F8B853 /* profile@2x.png in Resources */,
				77DFAD5922E84C56006DCBEE /* Assets.xcassets in Resources */,
				088E1CBB22F345F1006A197D /* rock@2x.png in Resources */,
				0898EC3022F051A2007C32DD /* Main.storyboard in Resources */,
				088E1CCA22F34681006A197D /* Confirmed.png in Resources */,
				774CDDAD22F3150200760FC9 /* Chords in Resources */,
				088E1CBF22F345F1006A197D /* RedButton.png in Resources */,
				088E1CBE22F345F1006A197D /* metal@2x-4.png in Resources */,
				088E1CC322F345F1006A197D /* clef@2x.png in Resources */,
				08CF906622F4774C00F8B853 /* pareggio-image.png in Resources */,
			);
			runOnlyForDeploymentPostprocessing = 0;
		};
		77DFAD2C22E84C56006DCBEE /* Resources */ = {
			isa = PBXResourcesBuildPhase;
			buildActionMask = 2147483647;
			files = (
				08D465BA22F1A78100B8D43B /* LogoWatch.png in Resources */,
				08D465BB22F1A78100B8D43B /* Interface.storyboard in Resources */,
				08D465BC22F1A78100B8D43B /* Assets.xcassets in Resources */,
				77DFAD5A22E84C56006DCBEE /* Assets.xcassets in Resources */,
			);
			runOnlyForDeploymentPostprocessing = 0;
		};
		77DFAD3922E84C56006DCBEE /* Resources */ = {
			isa = PBXResourcesBuildPhase;
			buildActionMask = 2147483647;
			files = (
				086325BA22F33E7300513E1B /* Assets.xcassets in Resources */,
			);
			runOnlyForDeploymentPostprocessing = 0;
		};
		77DFAD4722E84C56006DCBEE /* Resources */ = {
			isa = PBXResourcesBuildPhase;
			buildActionMask = 2147483647;
			files = (
				774CDDAE22F3150200760FC9 /* Chords in Resources */,
				77DFAD5122E84C56006DCBEE /* Main.storyboard in Resources */,
				77DFAD5B22E84C56006DCBEE /* Assets.xcassets in Resources */,
				77DFAD5822E84C56006DCBEE /* Art.scnassets in Resources */,
			);
			runOnlyForDeploymentPostprocessing = 0;
		};
/* End PBXResourcesBuildPhase section */

/* Begin PBXShellScriptBuildPhase section */
		0D84908CAD662EEDE7A8D1D2 /* [CP] Check Pods Manifest.lock */ = {
			isa = PBXShellScriptBuildPhase;
			buildActionMask = 2147483647;
			files = (
			);
			inputFileListPaths = (
			);
			inputPaths = (
				"${PODS_PODFILE_DIR_PATH}/Podfile.lock",
				"${PODS_ROOT}/Manifest.lock",
			);
			name = "[CP] Check Pods Manifest.lock";
			outputFileListPaths = (
			);
			outputPaths = (
				"$(DERIVED_FILE_DIR)/Pods-Test1_SceneKit watchOS App Extension-checkManifestLockResult.txt",
			);
			runOnlyForDeploymentPostprocessing = 0;
			shellPath = /bin/sh;
			shellScript = "diff \"${PODS_PODFILE_DIR_PATH}/Podfile.lock\" \"${PODS_ROOT}/Manifest.lock\" > /dev/null\nif [ $? != 0 ] ; then\n    # print error to STDERR\n    echo \"error: The sandbox is not in sync with the Podfile.lock. Run 'pod install' or update your CocoaPods installation.\" >&2\n    exit 1\nfi\n# This output is used by Xcode 'outputs' to avoid re-running this script phase.\necho \"SUCCESS\" > \"${SCRIPT_OUTPUT_FILE_0}\"\n";
			showEnvVarsInLog = 0;
		};
		340E0799851C7604BA6E064F /* [CP] Check Pods Manifest.lock */ = {
			isa = PBXShellScriptBuildPhase;
			buildActionMask = 2147483647;
			files = (
			);
			inputFileListPaths = (
			);
			inputPaths = (
				"${PODS_PODFILE_DIR_PATH}/Podfile.lock",
				"${PODS_ROOT}/Manifest.lock",
			);
			name = "[CP] Check Pods Manifest.lock";
			outputFileListPaths = (
			);
			outputPaths = (
				"$(DERIVED_FILE_DIR)/Pods-Test1_SceneKit watchOS App-checkManifestLockResult.txt",
			);
			runOnlyForDeploymentPostprocessing = 0;
			shellPath = /bin/sh;
			shellScript = "diff \"${PODS_PODFILE_DIR_PATH}/Podfile.lock\" \"${PODS_ROOT}/Manifest.lock\" > /dev/null\nif [ $? != 0 ] ; then\n    # print error to STDERR\n    echo \"error: The sandbox is not in sync with the Podfile.lock. Run 'pod install' or update your CocoaPods installation.\" >&2\n    exit 1\nfi\n# This output is used by Xcode 'outputs' to avoid re-running this script phase.\necho \"SUCCESS\" > \"${SCRIPT_OUTPUT_FILE_0}\"\n";
			showEnvVarsInLog = 0;
		};
		37454D75D517CDB3441FCB35 /* [CP] Check Pods Manifest.lock */ = {
			isa = PBXShellScriptBuildPhase;
			buildActionMask = 2147483647;
			files = (
			);
			inputFileListPaths = (
			);
			inputPaths = (
				"${PODS_PODFILE_DIR_PATH}/Podfile.lock",
				"${PODS_ROOT}/Manifest.lock",
			);
			name = "[CP] Check Pods Manifest.lock";
			outputFileListPaths = (
			);
			outputPaths = (
				"$(DERIVED_FILE_DIR)/Pods-Test1_SceneKit iOS-checkManifestLockResult.txt",
			);
			runOnlyForDeploymentPostprocessing = 0;
			shellPath = /bin/sh;
			shellScript = "diff \"${PODS_PODFILE_DIR_PATH}/Podfile.lock\" \"${PODS_ROOT}/Manifest.lock\" > /dev/null\nif [ $? != 0 ] ; then\n    # print error to STDERR\n    echo \"error: The sandbox is not in sync with the Podfile.lock. Run 'pod install' or update your CocoaPods installation.\" >&2\n    exit 1\nfi\n# This output is used by Xcode 'outputs' to avoid re-running this script phase.\necho \"SUCCESS\" > \"${SCRIPT_OUTPUT_FILE_0}\"\n";
			showEnvVarsInLog = 0;
		};
		BF10BAD2A37BD4FB5D06F3D9 /* [CP] Check Pods Manifest.lock */ = {
			isa = PBXShellScriptBuildPhase;
			buildActionMask = 2147483647;
			files = (
			);
			inputFileListPaths = (
			);
			inputPaths = (
				"${PODS_PODFILE_DIR_PATH}/Podfile.lock",
				"${PODS_ROOT}/Manifest.lock",
			);
			name = "[CP] Check Pods Manifest.lock";
			outputFileListPaths = (
			);
			outputPaths = (
				"$(DERIVED_FILE_DIR)/Pods-Test1_SceneKit tvOS-checkManifestLockResult.txt",
			);
			runOnlyForDeploymentPostprocessing = 0;
			shellPath = /bin/sh;
			shellScript = "diff \"${PODS_PODFILE_DIR_PATH}/Podfile.lock\" \"${PODS_ROOT}/Manifest.lock\" > /dev/null\nif [ $? != 0 ] ; then\n    # print error to STDERR\n    echo \"error: The sandbox is not in sync with the Podfile.lock. Run 'pod install' or update your CocoaPods installation.\" >&2\n    exit 1\nfi\n# This output is used by Xcode 'outputs' to avoid re-running this script phase.\necho \"SUCCESS\" > \"${SCRIPT_OUTPUT_FILE_0}\"\n";
			showEnvVarsInLog = 0;
		};
/* End PBXShellScriptBuildPhase section */

/* Begin PBXSourcesBuildPhase section */
		77DFAD1A22E84C56006DCBEE /* Sources */ = {
			isa = PBXSourcesBuildPhase;
			buildActionMask = 2147483647;
			files = (
				0898EC2C22F05146007C32DD /* ViewController.swift in Sources */,
				77DFAD5322E84C56006DCBEE /* MainController.swift in Sources */,
				086325AE22F320D600513E1B /* AccountViewController.swift in Sources */,
				0898EC2822F05146007C32DD /* GameModeViewController.swift in Sources */,
				0898EC2922F05146007C32DD /* ChordsPickerViewController.swift in Sources */,
				086325B822F33A5100513E1B /* NavigationController.swift in Sources */,
				0898EC2B22F05146007C32DD /* Guitar.swift in Sources */,
				0898EC2722F05146007C32DD /* SettingsTableViewController.swift in Sources */,
				77DFAD5322E84C56006DCBEE /* MainController.swift in Sources */,
				0898EC2A22F05146007C32DD /* NotationTableViewCell.swift in Sources */,
				779E565022EB090400ACC1BF /* SessionManager.swift in Sources */,
				0898EC2D22F05146007C32DD /* NotationTableViewController.swift in Sources */,
				08B5E77E22F1C3C500A6FF05 /* SignalCode.swift in Sources */,
				086325B622F3328800513E1B /* LoginViewController.swift in Sources */,
				086325B022F326B600513E1B /* userDefaultKeysString.swift in Sources */,
				77DFAD2222E84C56006DCBEE /* AppDelegate.swift in Sources */,
				08D464B922F18E4500B8D43B /* GameController.swift in Sources */,
			);
			runOnlyForDeploymentPostprocessing = 0;
		};
		77DFAD3722E84C56006DCBEE /* Sources */ = {
			isa = PBXSourcesBuildPhase;
			buildActionMask = 2147483647;
			files = (
				77DFAD5422E84C56006DCBEE /* MainController.swift in Sources */,
				08D465B022F1A77600B8D43B /* WatchController.swift in Sources */,
				08D465B422F1A77600B8D43B /* ExtensionDelegate.swift in Sources */,
				08D465B522F1A77600B8D43B /* NotificationController.swift in Sources */,
				08D464BE22F1907E00B8D43B /* GameController.swift in Sources */,
				08D465B322F1A77600B8D43B /* PlayingBuffer.swift in Sources */,
				08D465B222F1A77600B8D43B /* MotionManager.swift in Sources */,
			);
			runOnlyForDeploymentPostprocessing = 0;
		};
		77DFAD4522E84C56006DCBEE /* Sources */ = {
			isa = PBXSourcesBuildPhase;
			buildActionMask = 2147483647;
			files = (
				77FE01C722F048E300861C78 /* GameViewController.swift in Sources */,
				77DFAD4E22E84C56006DCBEE /* MainViewController.swift in Sources */,
				77DFAD5522E84C56006DCBEE /* MainController.swift in Sources */,
				777F4CFC22F49353009AADD7 /* PlayManager.swift in Sources */,
				774CDDAB22F3137300760FC9 /* Guitar.swift in Sources */,
				779E565322EB0A3200ACC1BF /* DeviceDictionary.swift in Sources */,
				779E565122EB090400ACC1BF /* SessionManager.swift in Sources */,
				77FE01C922F04CDA00861C78 /* GameController.swift in Sources */,
				776713DA22EF852B0020E22C /* Guitars.swift in Sources */,
				77DFAD4C22E84C56006DCBEE /* AppDelegate.swift in Sources */,
				77F9DD1C22F0851800B0C37F /* TextManager.swift in Sources */,
				08B5E77F22F1C3C500A6FF05 /* SignalCode.swift in Sources */,
				77F9DD1E22F08F0B00B0C37F /* GameGuitarManager.swift in Sources */,
			);
			runOnlyForDeploymentPostprocessing = 0;
		};
/* End PBXSourcesBuildPhase section */

/* Begin PBXTargetDependency section */
		77DFAD3122E84C56006DCBEE /* PBXTargetDependency */ = {
			isa = PBXTargetDependency;
			target = 77DFAD2D22E84C56006DCBEE /* Test1_SceneKit watchOS App */;
			targetProxy = 77DFAD3022E84C56006DCBEE /* PBXContainerItemProxy */;
		};
		77DFAD3E22E84C56006DCBEE /* PBXTargetDependency */ = {
			isa = PBXTargetDependency;
			target = 77DFAD3A22E84C56006DCBEE /* Test1_SceneKit watchOS App Extension */;
			targetProxy = 77DFAD3D22E84C56006DCBEE /* PBXContainerItemProxy */;
		};
/* End PBXTargetDependency section */

/* Begin PBXVariantGroup section */
		0898EC2E22F051A2007C32DD /* Main.storyboard */ = {
			isa = PBXVariantGroup;
			children = (
				0898EC2F22F051A2007C32DD /* Base */,
			);
			name = Main.storyboard;
			sourceTree = "<group>";
		};
		77DFAD2822E84C56006DCBEE /* LaunchScreen.storyboard */ = {
			isa = PBXVariantGroup;
			children = (
				77DFAD2922E84C56006DCBEE /* Base */,
			);
			name = LaunchScreen.storyboard;
			sourceTree = "<group>";
		};
		77DFAD4F22E84C56006DCBEE /* Main.storyboard */ = {
			isa = PBXVariantGroup;
			children = (
				77DFAD5022E84C56006DCBEE /* Base */,
			);
			name = Main.storyboard;
			sourceTree = "<group>";
		};
/* End PBXVariantGroup section */

/* Begin XCBuildConfiguration section */
		77DFAD5C22E84C56006DCBEE /* Debug */ = {
			isa = XCBuildConfiguration;
			buildSettings = {
				ALWAYS_SEARCH_USER_PATHS = NO;
				CLANG_ANALYZER_NONNULL = YES;
				CLANG_ANALYZER_NUMBER_OBJECT_CONVERSION = YES_AGGRESSIVE;
				CLANG_CXX_LANGUAGE_STANDARD = "gnu++14";
				CLANG_CXX_LIBRARY = "libc++";
				CLANG_ENABLE_MODULES = YES;
				CLANG_ENABLE_OBJC_ARC = YES;
				CLANG_ENABLE_OBJC_WEAK = YES;
				CLANG_WARN_BLOCK_CAPTURE_AUTORELEASING = YES;
				CLANG_WARN_BOOL_CONVERSION = YES;
				CLANG_WARN_COMMA = YES;
				CLANG_WARN_CONSTANT_CONVERSION = YES;
				CLANG_WARN_DEPRECATED_OBJC_IMPLEMENTATIONS = YES;
				CLANG_WARN_DIRECT_OBJC_ISA_USAGE = YES_ERROR;
				CLANG_WARN_DOCUMENTATION_COMMENTS = YES;
				CLANG_WARN_EMPTY_BODY = YES;
				CLANG_WARN_ENUM_CONVERSION = YES;
				CLANG_WARN_INFINITE_RECURSION = YES;
				CLANG_WARN_INT_CONVERSION = YES;
				CLANG_WARN_NON_LITERAL_NULL_CONVERSION = YES;
				CLANG_WARN_OBJC_IMPLICIT_RETAIN_SELF = YES;
				CLANG_WARN_OBJC_LITERAL_CONVERSION = YES;
				CLANG_WARN_OBJC_ROOT_CLASS = YES_ERROR;
				CLANG_WARN_RANGE_LOOP_ANALYSIS = YES;
				CLANG_WARN_STRICT_PROTOTYPES = YES;
				CLANG_WARN_SUSPICIOUS_MOVE = YES;
				CLANG_WARN_UNGUARDED_AVAILABILITY = YES_AGGRESSIVE;
				CLANG_WARN_UNREACHABLE_CODE = YES;
				CLANG_WARN__DUPLICATE_METHOD_MATCH = YES;
				COPY_PHASE_STRIP = NO;
				DEBUG_INFORMATION_FORMAT = dwarf;
				ENABLE_STRICT_OBJC_MSGSEND = YES;
				ENABLE_TESTABILITY = YES;
				GCC_C_LANGUAGE_STANDARD = gnu11;
				GCC_DYNAMIC_NO_PIC = NO;
				GCC_NO_COMMON_BLOCKS = YES;
				GCC_OPTIMIZATION_LEVEL = 0;
				GCC_PREPROCESSOR_DEFINITIONS = (
					"DEBUG=1",
					"$(inherited)",
				);
				GCC_WARN_64_TO_32_BIT_CONVERSION = YES;
				GCC_WARN_ABOUT_RETURN_TYPE = YES_ERROR;
				GCC_WARN_UNDECLARED_SELECTOR = YES;
				GCC_WARN_UNINITIALIZED_AUTOS = YES_AGGRESSIVE;
				GCC_WARN_UNUSED_FUNCTION = YES;
				GCC_WARN_UNUSED_VARIABLE = YES;
				MTL_ENABLE_DEBUG_INFO = INCLUDE_SOURCE;
				MTL_FAST_MATH = YES;
				ONLY_ACTIVE_ARCH = YES;
				SWIFT_ACTIVE_COMPILATION_CONDITIONS = DEBUG;
				SWIFT_OPTIMIZATION_LEVEL = "-Onone";
			};
			name = Debug;
		};
		77DFAD5D22E84C56006DCBEE /* Release */ = {
			isa = XCBuildConfiguration;
			buildSettings = {
				ALWAYS_SEARCH_USER_PATHS = NO;
				CLANG_ANALYZER_NONNULL = YES;
				CLANG_ANALYZER_NUMBER_OBJECT_CONVERSION = YES_AGGRESSIVE;
				CLANG_CXX_LANGUAGE_STANDARD = "gnu++14";
				CLANG_CXX_LIBRARY = "libc++";
				CLANG_ENABLE_MODULES = YES;
				CLANG_ENABLE_OBJC_ARC = YES;
				CLANG_ENABLE_OBJC_WEAK = YES;
				CLANG_WARN_BLOCK_CAPTURE_AUTORELEASING = YES;
				CLANG_WARN_BOOL_CONVERSION = YES;
				CLANG_WARN_COMMA = YES;
				CLANG_WARN_CONSTANT_CONVERSION = YES;
				CLANG_WARN_DEPRECATED_OBJC_IMPLEMENTATIONS = YES;
				CLANG_WARN_DIRECT_OBJC_ISA_USAGE = YES_ERROR;
				CLANG_WARN_DOCUMENTATION_COMMENTS = YES;
				CLANG_WARN_EMPTY_BODY = YES;
				CLANG_WARN_ENUM_CONVERSION = YES;
				CLANG_WARN_INFINITE_RECURSION = YES;
				CLANG_WARN_INT_CONVERSION = YES;
				CLANG_WARN_NON_LITERAL_NULL_CONVERSION = YES;
				CLANG_WARN_OBJC_IMPLICIT_RETAIN_SELF = YES;
				CLANG_WARN_OBJC_LITERAL_CONVERSION = YES;
				CLANG_WARN_OBJC_ROOT_CLASS = YES_ERROR;
				CLANG_WARN_RANGE_LOOP_ANALYSIS = YES;
				CLANG_WARN_STRICT_PROTOTYPES = YES;
				CLANG_WARN_SUSPICIOUS_MOVE = YES;
				CLANG_WARN_UNGUARDED_AVAILABILITY = YES_AGGRESSIVE;
				CLANG_WARN_UNREACHABLE_CODE = YES;
				CLANG_WARN__DUPLICATE_METHOD_MATCH = YES;
				COPY_PHASE_STRIP = NO;
				DEBUG_INFORMATION_FORMAT = "dwarf-with-dsym";
				ENABLE_NS_ASSERTIONS = NO;
				ENABLE_STRICT_OBJC_MSGSEND = YES;
				GCC_C_LANGUAGE_STANDARD = gnu11;
				GCC_NO_COMMON_BLOCKS = YES;
				GCC_WARN_64_TO_32_BIT_CONVERSION = YES;
				GCC_WARN_ABOUT_RETURN_TYPE = YES_ERROR;
				GCC_WARN_UNDECLARED_SELECTOR = YES;
				GCC_WARN_UNINITIALIZED_AUTOS = YES_AGGRESSIVE;
				GCC_WARN_UNUSED_FUNCTION = YES;
				GCC_WARN_UNUSED_VARIABLE = YES;
				MTL_ENABLE_DEBUG_INFO = NO;
				MTL_FAST_MATH = YES;
				SWIFT_COMPILATION_MODE = wholemodule;
				SWIFT_OPTIMIZATION_LEVEL = "-O";
			};
			name = Release;
		};
		77DFAD5F22E84C56006DCBEE /* Debug */ = {
			isa = XCBuildConfiguration;
			baseConfigurationReference = DB96BC2531D53A4C6A7A5973 /* Pods-Test1_SceneKit watchOS App Extension.debug.xcconfig */;
			buildSettings = {
				CODE_SIGN_IDENTITY = "iPhone Developer";
				CODE_SIGN_STYLE = Automatic;
				DEVELOPMENT_TEAM = K8WJKQA676;
				INFOPLIST_FILE = "Test1_SceneKit watchOS App Extension/Info.plist";
				LD_RUNPATH_SEARCH_PATHS = (
					"$(inherited)",
					"@executable_path/Frameworks",
					"@executable_path/../../Frameworks",
				);
				PRODUCT_BUNDLE_IDENTIFIER = "it.unisa.applefoundationprogram.GuitAir.Test1-SceneKit.watchkitapp.watchkitextension";
				PRODUCT_NAME = "Test1_SceneKit Extension";
				SDKROOT = watchos;
				SKIP_INSTALL = YES;
				SWIFT_VERSION = 5.0;
				TARGETED_DEVICE_FAMILY = 4;
				WATCHOS_DEPLOYMENT_TARGET = 5.3;
			};
			name = Debug;
		};
		77DFAD6022E84C56006DCBEE /* Release */ = {
			isa = XCBuildConfiguration;
			baseConfigurationReference = 2A15CD72FB1605F801D79853 /* Pods-Test1_SceneKit watchOS App Extension.release.xcconfig */;
			buildSettings = {
				CODE_SIGN_IDENTITY = "iPhone Developer";
				CODE_SIGN_STYLE = Automatic;
				DEVELOPMENT_TEAM = K8WJKQA676;
				INFOPLIST_FILE = "Test1_SceneKit watchOS App Extension/Info.plist";
				LD_RUNPATH_SEARCH_PATHS = (
					"$(inherited)",
					"@executable_path/Frameworks",
					"@executable_path/../../Frameworks",
				);
				PRODUCT_BUNDLE_IDENTIFIER = "it.unisa.applefoundationprogram.GuitAir.Test1-SceneKit.watchkitapp.watchkitextension";
				PRODUCT_NAME = "Test1_SceneKit Extension";
				SDKROOT = watchos;
				SKIP_INSTALL = YES;
				SWIFT_VERSION = 5.0;
				TARGETED_DEVICE_FAMILY = 4;
				VALIDATE_PRODUCT = YES;
				WATCHOS_DEPLOYMENT_TARGET = 5.3;
			};
			name = Release;
		};
		77DFAD6322E84C56006DCBEE /* Debug */ = {
			isa = XCBuildConfiguration;
			baseConfigurationReference = D5AD132005CE4BC2B1075000 /* Pods-Test1_SceneKit watchOS App.debug.xcconfig */;
			buildSettings = {
				ALWAYS_EMBED_SWIFT_STANDARD_LIBRARIES = YES;
				ASSETCATALOG_COMPILER_APPICON_NAME = AppIcon;
				CLANG_ENABLE_MODULES = YES;
				CODE_SIGN_IDENTITY = "iPhone Developer";
				CODE_SIGN_STYLE = Automatic;
				DEVELOPMENT_TEAM = K8WJKQA676;
				IBSC_MODULE = Test1_SceneKit_Extension;
				INFOPLIST_FILE = "Test1_SceneKit watchOS App/Info.plist";
				LD_RUNPATH_SEARCH_PATHS = (
					"$(inherited)",
					"@executable_path/../Frameworks",
					"@loader_path/../Frameworks",
				);
				PRODUCT_BUNDLE_IDENTIFIER = "it.unisa.applefoundationprogram.GuitAir.Test1-SceneKit.watchkitapp";
				PRODUCT_NAME = Test1_SceneKit;
				SDKROOT = watchos;
				SKIP_INSTALL = YES;
				SWIFT_OBJC_BRIDGING_HEADER = "Test1_SceneKit Shared/Test1_SceneKit watchOS App-Bridging-Header.h";
				SWIFT_OPTIMIZATION_LEVEL = "-Onone";
				SWIFT_VERSION = 5.0;
				TARGETED_DEVICE_FAMILY = 4;
				WATCHOS_DEPLOYMENT_TARGET = 5.3;
			};
			name = Debug;
		};
		77DFAD6422E84C56006DCBEE /* Release */ = {
			isa = XCBuildConfiguration;
			baseConfigurationReference = B62030EA068D9B1FEA35EA65 /* Pods-Test1_SceneKit watchOS App.release.xcconfig */;
			buildSettings = {
				ALWAYS_EMBED_SWIFT_STANDARD_LIBRARIES = YES;
				ASSETCATALOG_COMPILER_APPICON_NAME = AppIcon;
				CLANG_ENABLE_MODULES = YES;
				CODE_SIGN_IDENTITY = "iPhone Developer";
				CODE_SIGN_STYLE = Automatic;
				DEVELOPMENT_TEAM = K8WJKQA676;
				IBSC_MODULE = Test1_SceneKit_Extension;
				INFOPLIST_FILE = "Test1_SceneKit watchOS App/Info.plist";
				LD_RUNPATH_SEARCH_PATHS = (
					"$(inherited)",
					"@executable_path/../Frameworks",
					"@loader_path/../Frameworks",
				);
				PRODUCT_BUNDLE_IDENTIFIER = "it.unisa.applefoundationprogram.GuitAir.Test1-SceneKit.watchkitapp";
				PRODUCT_NAME = Test1_SceneKit;
				SDKROOT = watchos;
				SKIP_INSTALL = YES;
				SWIFT_OBJC_BRIDGING_HEADER = "Test1_SceneKit Shared/Test1_SceneKit watchOS App-Bridging-Header.h";
				SWIFT_VERSION = 5.0;
				TARGETED_DEVICE_FAMILY = 4;
				VALIDATE_PRODUCT = YES;
				WATCHOS_DEPLOYMENT_TARGET = 5.3;
			};
			name = Release;
		};
		77DFAD6722E84C56006DCBEE /* Debug */ = {
			isa = XCBuildConfiguration;
			baseConfigurationReference = 5F9512767E613292E5B6A54E /* Pods-Test1_SceneKit iOS.debug.xcconfig */;
			buildSettings = {
				ASSETCATALOG_COMPILER_APPICON_NAME = AppIcon;
				CODE_SIGN_ENTITLEMENTS = "Test1_SceneKit iOS/Test1_SceneKit.entitlements";
				CODE_SIGN_IDENTITY = "iPhone Developer";
				CODE_SIGN_STYLE = Manual;
				DEVELOPMENT_TEAM = K8WJKQA676;
				INFOPLIST_FILE = "Test1_SceneKit iOS/Info.plist";
				IPHONEOS_DEPLOYMENT_TARGET = 12.2;
				LD_RUNPATH_SEARCH_PATHS = (
					"$(inherited)",
					"@executable_path/Frameworks",
				);
				PRODUCT_BUNDLE_IDENTIFIER = it.unisa.applefoundationprogram.GuitAir;
				PRODUCT_NAME = Test1_SceneKit;
				PROVISIONING_PROFILE_SPECIFIER = guitairprofile;
				SDKROOT = iphoneos;
				SWIFT_VERSION = 5.0;
				TARGETED_DEVICE_FAMILY = "1,2";
			};
			name = Debug;
		};
		77DFAD6822E84C56006DCBEE /* Release */ = {
			isa = XCBuildConfiguration;
			baseConfigurationReference = 4217021D0952E689A6BEE811 /* Pods-Test1_SceneKit iOS.release.xcconfig */;
			buildSettings = {
				ASSETCATALOG_COMPILER_APPICON_NAME = AppIcon;
				CODE_SIGN_ENTITLEMENTS = "Test1_SceneKit iOS/Test1_SceneKit.entitlements";
				CODE_SIGN_IDENTITY = "iPhone Developer";
				CODE_SIGN_STYLE = Manual;
				DEVELOPMENT_TEAM = K8WJKQA676;
				INFOPLIST_FILE = "Test1_SceneKit iOS/Info.plist";
				IPHONEOS_DEPLOYMENT_TARGET = 12.2;
				LD_RUNPATH_SEARCH_PATHS = (
					"$(inherited)",
					"@executable_path/Frameworks",
				);
				PRODUCT_BUNDLE_IDENTIFIER = it.unisa.applefoundationprogram.GuitAir;
				PRODUCT_NAME = Test1_SceneKit;
				PROVISIONING_PROFILE_SPECIFIER = guitairprofile;
				SDKROOT = iphoneos;
				SWIFT_VERSION = 5.0;
				TARGETED_DEVICE_FAMILY = "1,2";
				VALIDATE_PRODUCT = YES;
			};
			name = Release;
		};
		77DFAD6A22E84C56006DCBEE /* Debug */ = {
			isa = XCBuildConfiguration;
			baseConfigurationReference = 8CB2B657CFC017B47E71029A /* Pods-Test1_SceneKit tvOS.debug.xcconfig */;
			buildSettings = {
				ASSETCATALOG_COMPILER_APPICON_NAME = "tvOS App Icon & Top Shelf Image";
				ASSETCATALOG_COMPILER_LAUNCHIMAGE_NAME = "tvOS LaunchImage";
				CODE_SIGN_STYLE = Manual;
				DEVELOPMENT_TEAM = K8WJKQA676;
				INFOPLIST_FILE = "Test1_SceneKit tvOS/Info.plist";
				LD_RUNPATH_SEARCH_PATHS = (
					"$(inherited)",
					"@executable_path/Frameworks",
				);
				PRODUCT_BUNDLE_IDENTIFIER = it.unisa.applefoundationprogram.GuitAir;
				PRODUCT_NAME = Test1_SceneKit;
				PROVISIONING_PROFILE_SPECIFIER = tv_guitair_profile;
				SDKROOT = appletvos;
				SWIFT_VERSION = 5.0;
				TARGETED_DEVICE_FAMILY = 3;
				TVOS_DEPLOYMENT_TARGET = 12.4;
			};
			name = Debug;
		};
		77DFAD6B22E84C56006DCBEE /* Release */ = {
			isa = XCBuildConfiguration;
			baseConfigurationReference = 75C085316D097790450E475D /* Pods-Test1_SceneKit tvOS.release.xcconfig */;
			buildSettings = {
				ASSETCATALOG_COMPILER_APPICON_NAME = "tvOS App Icon & Top Shelf Image";
				ASSETCATALOG_COMPILER_LAUNCHIMAGE_NAME = "tvOS LaunchImage";
				CODE_SIGN_STYLE = Manual;
				DEVELOPMENT_TEAM = K8WJKQA676;
				INFOPLIST_FILE = "Test1_SceneKit tvOS/Info.plist";
				LD_RUNPATH_SEARCH_PATHS = (
					"$(inherited)",
					"@executable_path/Frameworks",
				);
				PRODUCT_BUNDLE_IDENTIFIER = it.unisa.applefoundationprogram.GuitAir;
				PRODUCT_NAME = Test1_SceneKit;
				PROVISIONING_PROFILE_SPECIFIER = tv_guitair_profile;
				SDKROOT = appletvos;
				SWIFT_VERSION = 5.0;
				TARGETED_DEVICE_FAMILY = 3;
				TVOS_DEPLOYMENT_TARGET = 12.4;
				VALIDATE_PRODUCT = YES;
			};
			name = Release;
		};
/* End XCBuildConfiguration section */

/* Begin XCConfigurationList section */
		77DFAD1522E84C54006DCBEE /* Build configuration list for PBXProject "Test1_SceneKit" */ = {
			isa = XCConfigurationList;
			buildConfigurations = (
				77DFAD5C22E84C56006DCBEE /* Debug */,
				77DFAD5D22E84C56006DCBEE /* Release */,
			);
			defaultConfigurationIsVisible = 0;
			defaultConfigurationName = Release;
		};
		77DFAD5E22E84C56006DCBEE /* Build configuration list for PBXNativeTarget "Test1_SceneKit watchOS App Extension" */ = {
			isa = XCConfigurationList;
			buildConfigurations = (
				77DFAD5F22E84C56006DCBEE /* Debug */,
				77DFAD6022E84C56006DCBEE /* Release */,
			);
			defaultConfigurationIsVisible = 0;
			defaultConfigurationName = Release;
		};
		77DFAD6222E84C56006DCBEE /* Build configuration list for PBXNativeTarget "Test1_SceneKit watchOS App" */ = {
			isa = XCConfigurationList;
			buildConfigurations = (
				77DFAD6322E84C56006DCBEE /* Debug */,
				77DFAD6422E84C56006DCBEE /* Release */,
			);
			defaultConfigurationIsVisible = 0;
			defaultConfigurationName = Release;
		};
		77DFAD6622E84C56006DCBEE /* Build configuration list for PBXNativeTarget "Test1_SceneKit iOS" */ = {
			isa = XCConfigurationList;
			buildConfigurations = (
				77DFAD6722E84C56006DCBEE /* Debug */,
				77DFAD6822E84C56006DCBEE /* Release */,
			);
			defaultConfigurationIsVisible = 0;
			defaultConfigurationName = Release;
		};
		77DFAD6922E84C56006DCBEE /* Build configuration list for PBXNativeTarget "Test1_SceneKit tvOS" */ = {
			isa = XCConfigurationList;
			buildConfigurations = (
				77DFAD6A22E84C56006DCBEE /* Debug */,
				77DFAD6B22E84C56006DCBEE /* Release */,
			);
			defaultConfigurationIsVisible = 0;
			defaultConfigurationName = Release;
		};
/* End XCConfigurationList section */
	};
	rootObject = 77DFAD1222E84C54006DCBEE /* Project object */;
}
